<?xml version="1.0" encoding="utf-8"?>
<Project ToolsVersion="4.0" xmlns="http://schemas.microsoft.com/developer/msbuild/2003">
  <ItemGroup>
    <Filter Include="External">
      <UniqueIdentifier>{e26bac3c-5d37-4a2c-919a-79066a62e4a5}</UniqueIdentifier>
    </Filter>
    <Filter Include="External\imgui">
      <UniqueIdentifier>{a3dee17f-dd6e-43a8-ad94-de15e89a0747}</UniqueIdentifier>
    </Filter>
    <Filter Include="Resources">
      <UniqueIdentifier>{67DA6AB6-F800-4c08-8B7A-83BB121AAD01}</UniqueIdentifier>
      <Extensions>rc;ico;cur;bmp;dlg;rc2;rct;bin;rgs;gif;jpg;jpeg;jpe;resx;tiff;tif;png;wav;mfcribbon-ms</Extensions>
    </Filter>
    <Filter Include="Resources\Sharder">
      <UniqueIdentifier>{4a1ae7dd-3d9e-483d-a6be-1055894e9cea}</UniqueIdentifier>
    </Filter>
    <Filter Include="Project">
      <UniqueIdentifier>{1c1a860d-c03b-4166-af0a-ba6df1ebc7db}</UniqueIdentifier>
    </Filter>
    <Filter Include="Project\Scene">
      <UniqueIdentifier>{5ac8985e-ee07-4f83-b923-fe82db1f6301}</UniqueIdentifier>
    </Filter>
    <Filter Include="Project\Collision">
      <UniqueIdentifier>{23e40c8f-71bb-4a04-95c1-aeda628902ee}</UniqueIdentifier>
    </Filter>
    <Filter Include="Project\GameObject">
      <UniqueIdentifier>{fd5285eb-957a-4c1d-8a69-9aec74ad1233}</UniqueIdentifier>
    </Filter>
    <Filter Include="Project\GameObject\Boss">
      <UniqueIdentifier>{d807ec32-8136-42e5-98c6-e5d51db266e1}</UniqueIdentifier>
    </Filter>
    <Filter Include="Project\GameObject\Boss\Titan">
      <UniqueIdentifier>{4f23e7f1-bad5-41c1-a1e5-fbb1eb0f6b09}</UniqueIdentifier>
    </Filter>
    <Filter Include="Project\GameObject\Boss\Titan\Parts">
      <UniqueIdentifier>{4b212a9a-62b5-4259-9ff0-236a164df601}</UniqueIdentifier>
    </Filter>
    <Filter Include="Project\GameObject\Boss\Titan\State">
      <UniqueIdentifier>{d88aad2c-f7e2-4be3-a63a-0351ab7ba728}</UniqueIdentifier>
    </Filter>
    <Filter Include="Project\GameObject\Enemy">
      <UniqueIdentifier>{34b75425-4947-4549-9a12-518c516a46ab}</UniqueIdentifier>
    </Filter>
    <Filter Include="Project\GameObject\Enemy\MoveEnemy">
      <UniqueIdentifier>{8b3fa5d4-1a85-46b6-bd03-7da98d9aeca2}</UniqueIdentifier>
    </Filter>
    <Filter Include="Project\GameObject\Enemy\MoveEnemy\State">
      <UniqueIdentifier>{2db297ab-d8f1-4173-9195-af791a1f5c09}</UniqueIdentifier>
    </Filter>
    <Filter Include="Project\GameObject\Enemy\FixedTurret">
      <UniqueIdentifier>{ddef70b8-a982-4b33-8892-97efd26888f0}</UniqueIdentifier>
    </Filter>
    <Filter Include="Project\GameObject\Enemy\FixedTurret\State">
      <UniqueIdentifier>{a516e196-bfd7-42fa-a14f-e72e1653e996}</UniqueIdentifier>
    </Filter>
    <Filter Include="Project\GameObject\Enemy\BeamEnemy">
      <UniqueIdentifier>{d47f364f-2ac1-40c6-b0de-3d9b24f84dc4}</UniqueIdentifier>
    </Filter>
    <Filter Include="Project\GameObject\Enemy\BeamEnemy\State">
      <UniqueIdentifier>{63d8ace7-e1b7-4d98-914f-309c239ba4ed}</UniqueIdentifier>
    </Filter>
    <Filter Include="Project\GameObject\Enemy\Bullet">
      <UniqueIdentifier>{c5bd910b-e8e5-4878-8945-1a1088ada976}</UniqueIdentifier>
    </Filter>
    <Filter Include="Project\GameObject\Player">
      <UniqueIdentifier>{4d7c3c38-8b56-4868-b267-c08641bbef7d}</UniqueIdentifier>
    </Filter>
    <Filter Include="Project\GameObject\Score">
      <UniqueIdentifier>{54e99b54-4d0d-4bbb-bc61-ba8b06a83202}</UniqueIdentifier>
    </Filter>
    <Filter Include="Project\Components">
      <UniqueIdentifier>{dd53da0c-994f-42af-863f-39d6f73a4a72}</UniqueIdentifier>
    </Filter>
    <Filter Include="Project\Components\AimAssist">
      <UniqueIdentifier>{7195b08a-0773-4e90-85df-0a33d8cccd00}</UniqueIdentifier>
    </Filter>
    <Filter Include="Project\Components\Camera">
      <UniqueIdentifier>{1eb9e188-2148-4c31-b604-6bf3f263f457}</UniqueIdentifier>
    </Filter>
    <Filter Include="Project\Components\Camera\FollowCamera">
      <UniqueIdentifier>{53011a37-2929-40ce-94e4-a0e3727f6900}</UniqueIdentifier>
    </Filter>
    <Filter Include="Project\Components\Camera\RailCamera">
      <UniqueIdentifier>{474773be-8e80-41da-8c97-284575234342}</UniqueIdentifier>
    </Filter>
    <Filter Include="Project\Components\SceneTransition">
      <UniqueIdentifier>{819b43b3-1c9b-4b9a-bbb5-9e349adc4346}</UniqueIdentifier>
    </Filter>
    <Filter Include="Engine">
      <UniqueIdentifier>{631a231a-e916-48a4-a7f0-fcea517f4f0d}</UniqueIdentifier>
    </Filter>
    <Filter Include="Engine\Manager">
      <UniqueIdentifier>{eb8782d0-e07d-428f-a604-bbf981f49dba}</UniqueIdentifier>
    </Filter>
    <Filter Include="Engine\Base">
      <UniqueIdentifier>{84d5f4cb-1943-43b5-b3ef-d7bd894bbe0b}</UniqueIdentifier>
    </Filter>
    <Filter Include="Engine\Components">
      <UniqueIdentifier>{a9e3be61-5c86-4143-85c9-979a85523365}</UniqueIdentifier>
    </Filter>
    <Filter Include="Engine\Components\Audio">
      <UniqueIdentifier>{e7df8b91-dfdd-403d-bbb8-c43f61a5f195}</UniqueIdentifier>
    </Filter>
    <Filter Include="Engine\Components\Camera">
      <UniqueIdentifier>{850e572a-b8a4-4b1b-b49a-574bc95d5b6a}</UniqueIdentifier>
    </Filter>
    <Filter Include="Engine\Components\Input">
      <UniqueIdentifier>{79e871ca-d7da-4b5c-8667-08b9335e21e9}</UniqueIdentifier>
    </Filter>
    <Filter Include="Engine\Components\Light">
      <UniqueIdentifier>{61e1cc78-1423-43cf-90d5-17f5451efdea}</UniqueIdentifier>
    </Filter>
    <Filter Include="Engine\Components\Model">
      <UniqueIdentifier>{3b959b16-c9a3-4a42-afe1-aaa355897a01}</UniqueIdentifier>
    </Filter>
    <Filter Include="Engine\Components\Particle">
      <UniqueIdentifier>{afd965d3-9dc1-43b6-9398-143311b29b9c}</UniqueIdentifier>
    </Filter>
    <Filter Include="Engine\Components\2D">
      <UniqueIdentifier>{d77ac1bd-5cc5-4b4f-8786-5e2cb56bf00f}</UniqueIdentifier>
    </Filter>
    <Filter Include="Engine\Components\2D\Primitive">
      <UniqueIdentifier>{20119d24-6caf-4532-8edf-a0bab59c896e}</UniqueIdentifier>
    </Filter>
    <Filter Include="Engine\Components\3D">
      <UniqueIdentifier>{3793acf4-2357-4c19-8723-c74703bcb3a5}</UniqueIdentifier>
    </Filter>
    <Filter Include="Engine\Components\3D\Primitive">
      <UniqueIdentifier>{a6025354-6855-4b94-b3fc-c735ccfad714}</UniqueIdentifier>
    </Filter>
    <Filter Include="Engine\Components\Animation">
      <UniqueIdentifier>{c719a0f9-a721-4ba5-a211-08a2e6d1e3ba}</UniqueIdentifier>
    </Filter>
    <Filter Include="Engine\Math">
      <UniqueIdentifier>{cfe8e887-ee14-4139-bff6-c14e509d1dc7}</UniqueIdentifier>
    </Filter>
    <Filter Include="Engine\PostProcess">
      <UniqueIdentifier>{1dca0b38-3c89-4973-941d-c3f0f02f8d10}</UniqueIdentifier>
    </Filter>
    <Filter Include="Engine\Pso">
      <UniqueIdentifier>{35534473-80f0-4829-ba0c-eff2a95082e3}</UniqueIdentifier>
    </Filter>
    <Filter Include="Engine\Pso\PostEffect">
      <UniqueIdentifier>{330d9e13-56e5-4640-9c61-da70316fd232}</UniqueIdentifier>
    </Filter>
    <Filter Include="Engine\Utility">
      <UniqueIdentifier>{d46d68d6-a7e4-4ad7-aeb6-37424d639113}</UniqueIdentifier>
    </Filter>
  </ItemGroup>
  <ItemGroup>
    <ClCompile Include="externals\ImGui\imgui.cpp">
      <Filter>External\imgui</Filter>
    </ClCompile>
    <ClCompile Include="externals\ImGui\imgui_demo.cpp">
      <Filter>External\imgui</Filter>
    </ClCompile>
    <ClCompile Include="externals\ImGui\imgui_draw.cpp">
      <Filter>External\imgui</Filter>
    </ClCompile>
    <ClCompile Include="externals\ImGui\imgui_impl_dx12.cpp">
      <Filter>External\imgui</Filter>
    </ClCompile>
    <ClCompile Include="externals\ImGui\imgui_impl_win32.cpp">
      <Filter>External\imgui</Filter>
    </ClCompile>
    <ClCompile Include="externals\ImGui\imgui_tables.cpp">
      <Filter>External\imgui</Filter>
    </ClCompile>
    <ClCompile Include="externals\ImGui\imgui_widgets.cpp">
      <Filter>External\imgui</Filter>
    </ClCompile>
    <ClCompile Include="engine\Base\DirectXCommon.cpp">
      <Filter>Engine\Base</Filter>
    </ClCompile>
    <ClCompile Include="engine\Base\WinApp.cpp">
      <Filter>Engine\Base</Filter>
    </ClCompile>
    <ClCompile Include="engine\math\Matrix4x4.cpp">
      <Filter>Engine\Math</Filter>
    </ClCompile>
    <ClCompile Include="engine\Manager\ImGuiManager.cpp">
      <Filter>Engine\Manager</Filter>
    </ClCompile>
    <ClCompile Include="engine\Manager\TextureManager.cpp">
      <Filter>Engine\Manager</Filter>
    </ClCompile>
    <ClCompile Include="engine\Utility\ConvertString.cpp">
      <Filter>Engine\Utility</Filter>
    </ClCompile>
    <ClCompile Include="project\scene\GameScene.cpp">
      <Filter>Project\Scene</Filter>
    </ClCompile>
    <ClCompile Include="project\scene\TitleScene.cpp">
      <Filter>Project\Scene</Filter>
    </ClCompile>
    <ClCompile Include="engine\Utility\GlobalVariables.cpp">
      <Filter>Engine\Utility</Filter>
    </ClCompile>
    <ClCompile Include="project\scene\GameClear.cpp">
      <Filter>Project\Scene</Filter>
    </ClCompile>
    <ClCompile Include="project\scene\GameOver.cpp">
      <Filter>Project\Scene</Filter>
    </ClCompile>
    <ClCompile Include="Engine\Components\Audio\Audio.cpp">
      <Filter>Engine\Components\Audio</Filter>
    </ClCompile>
    <ClCompile Include="engine\Components\Input\Input.cpp">
      <Filter>Engine\Components\Input</Filter>
    </ClCompile>
    <ClCompile Include="engine\Components\WorldTransform.cpp">
      <Filter>Engine\Components</Filter>
    </ClCompile>
    <ClCompile Include="Engine\Components\Model\Model.cpp">
      <Filter>Engine\Components\Model</Filter>
    </ClCompile>
    <ClCompile Include="engine\Components\Camera\ViewProjection.cpp">
      <Filter>Engine\Components\Camera</Filter>
    </ClCompile>
    <ClCompile Include="Engine\Components\Model\ModelStructs.cpp">
      <Filter>Engine\Components\Model</Filter>
    </ClCompile>
    <ClCompile Include="engine\math\Vector3.cpp">
      <Filter>Engine\Math</Filter>
    </ClCompile>
    <ClCompile Include="engine\PostProcess\PostEffect.cpp">
      <Filter>Engine\PostProcess</Filter>
    </ClCompile>
    <ClCompile Include="Engine\Components\Particle\Particles.cpp">
      <Filter>Engine\Components\Particle</Filter>
    </ClCompile>
    <ClCompile Include="engine\Components\Light\PointLight.cpp">
      <Filter>Engine\Components\Light</Filter>
    </ClCompile>
    <ClCompile Include="engine\Components\Light\SpotLight.cpp">
      <Filter>Engine\Components\Light</Filter>
    </ClCompile>
    <ClCompile Include="engine\Components\Light\DirectionalLight.cpp">
      <Filter>Engine\Components\Light</Filter>
    </ClCompile>
    <ClCompile Include="engine\pso\LinePSO.cpp">
      <Filter>Engine\Pso</Filter>
    </ClCompile>
    <ClCompile Include="project\scene\GameManager.cpp">
      <Filter>Project\Scene</Filter>
    </ClCompile>
    <ClCompile Include="engine\math\Lerp.cpp">
      <Filter>Engine\Math</Filter>
    </ClCompile>
    <ClCompile Include="engine\Manager\Framework.cpp">
      <Filter>Engine\Manager</Filter>
    </ClCompile>
    <ClCompile Include="Engine\Components\Model\ModelManager.cpp">
      <Filter>Engine\Components\Model</Filter>
    </ClCompile>
    <ClCompile Include="engine\Components\Camera\Camera.cpp">
      <Filter>Engine\Components\Camera</Filter>
    </ClCompile>
    <ClCompile Include="Engine\Components\3D\Primitive\Triangle.cpp">
      <Filter>Engine\Components\3D\Primitive</Filter>
    </ClCompile>
    <ClCompile Include="Engine\Components\3D\Primitive\Cube.cpp">
      <Filter>Engine\Components\3D\Primitive</Filter>
    </ClCompile>
    <ClCompile Include="Engine\Components\3D\Primitive\Line.cpp">
      <Filter>Engine\Components\3D\Primitive</Filter>
    </ClCompile>
    <ClCompile Include="Engine\Components\3D\Primitive\Sphere.cpp">
      <Filter>Engine\Components\3D\Primitive</Filter>
    </ClCompile>
    <ClCompile Include="Engine\Components\2D\Primitive\Sprite.cpp">
      <Filter>Engine\Components\2D\Primitive</Filter>
    </ClCompile>
    <ClCompile Include="Engine\Components\3D\Object3D.cpp">
      <Filter>Engine\Components\3D</Filter>
    </ClCompile>
    <ClCompile Include="Engine\Pso\PipelineManager.cpp">
      <Filter>Engine\Pso</Filter>
    </ClCompile>
    <ClCompile Include="Project\Collision\CollisionManager.cpp">
      <Filter>Project\Collision</Filter>
    </ClCompile>
    <ClCompile Include="Engine\Components\Animation\Animation.cpp">
      <Filter>Engine\Components\Animation</Filter>
    </ClCompile>
    <ClCompile Include="Engine\Components\3D\Primitive\Plane.cpp">
      <Filter>Engine\Components\3D\Primitive</Filter>
    </ClCompile>
    <ClCompile Include="engine\PostProcess\PostEffectManager.cpp">
      <Filter>Engine\PostProcess</Filter>
    </ClCompile>
    <ClCompile Include="Engine\Base\SrvManager.cpp">
      <Filter>Engine\Manager</Filter>
    </ClCompile>
    <ClCompile Include="Engine\math\Quaternion.cpp">
      <Filter>Engine\Math</Filter>
    </ClCompile>
    <ClCompile Include="Project\GameObject\Enemy\BeamEnemy\BeamEnemy.cpp">
      <Filter>Project\GameObject\Enemy\BeamEnemy</Filter>
    </ClCompile>
    <ClCompile Include="Project\GameObject\Enemy\BeamEnemy\State\BeamEnemyStateVertical.cpp">
      <Filter>Project\GameObject\Enemy\BeamEnemy\State</Filter>
    </ClCompile>
    <ClCompile Include="Project\GameObject\Enemy\BeamEnemy\State\BeamEnemyStateWait.cpp">
      <Filter>Project\GameObject\Enemy\BeamEnemy\State</Filter>
    </ClCompile>
    <ClCompile Include="Project\Collision\Collider.cpp">
      <Filter>Project\Collision</Filter>
    </ClCompile>
    <ClCompile Include="engine\PostProcess\Bloom.cpp">
      <Filter>Engine\PostProcess</Filter>
    </ClCompile>
    <ClCompile Include="Engine\PostProcess\Dissolve.cpp">
      <Filter>Engine\PostProcess</Filter>
    </ClCompile>
    <ClCompile Include="engine\Pso\PostEffect\DissolvePSO.cpp">
      <Filter>Engine\Pso\PostEffect</Filter>
    </ClCompile>
    <ClCompile Include="engine\Pso\PostEffect\BloomPSO.cpp">
      <Filter>Engine\Pso\PostEffect</Filter>
    </ClCompile>
    <ClCompile Include="Project\GameObject\Enemy\Bullet\EnemyBullet.cpp">
      <Filter>Project\GameObject\Enemy\Bullet</Filter>
    </ClCompile>
    <ClCompile Include="Project\GameObject\Enemy\EnemyManager.cpp">
      <Filter>Project\GameObject\Enemy</Filter>
    </ClCompile>
    <ClCompile Include="Project\GameObject\Enemy\MoveEnemy\State\EnemyStateApproach.cpp">
      <Filter>Project\GameObject\Enemy\MoveEnemy\State</Filter>
    </ClCompile>
    <ClCompile Include="Project\GameObject\Enemy\MoveEnemy\State\EnemyStateWait.cpp">
      <Filter>Project\GameObject\Enemy\MoveEnemy\State</Filter>
    </ClCompile>
    <ClCompile Include="Project\GameObject\Enemy\MoveEnemy\State\EnemyStateLeave.cpp">
      <Filter>Project\GameObject\Enemy\MoveEnemy\State</Filter>
    </ClCompile>
    <ClCompile Include="Project\GameObject\Enemy\MoveEnemy\Enemy.cpp">
      <Filter>Project\GameObject\Enemy\MoveEnemy</Filter>
    </ClCompile>
    <ClCompile Include="Project\GameObject\Enemy\FixedTurret\State\FixedTurretWaitState.cpp">
      <Filter>Project\GameObject\Enemy\FixedTurret\State</Filter>
    </ClCompile>
    <ClCompile Include="Project\GameObject\Enemy\FixedTurret\State\FixedTurretAttackState.cpp">
      <Filter>Project\GameObject\Enemy\FixedTurret\State</Filter>
    </ClCompile>
    <ClCompile Include="Project\GameObject\Enemy\FixedTurret\FixedTurret.cpp">
      <Filter>Project\GameObject\Enemy\FixedTurret</Filter>
    </ClCompile>
    <ClCompile Include="Engine\PostProcess\Gauss.cpp">
      <Filter>Engine\PostProcess</Filter>
    </ClCompile>
    <ClCompile Include="engine\Pso\PostEffect\GaussPSO.cpp">
      <Filter>Engine\Pso\PostEffect</Filter>
    </ClCompile>
    <ClCompile Include="engine\PostProcess\IPostEffect.cpp">
      <Filter>Engine\PostProcess</Filter>
    </ClCompile>
    <ClCompile Include="Engine\Pso\IPSO.cpp">
      <Filter>Engine\Pso</Filter>
    </ClCompile>
    <ClCompile Include="Project\GameObject\Score\Score.cpp">
      <Filter>Project\GameObject\Score</Filter>
    </ClCompile>
    <ClCompile Include="Project\GameObject\Enemy\BeamEnemy\State\IBeamEnemyState.cpp">
      <Filter>Project\GameObject\Enemy\BeamEnemy\State</Filter>
    </ClCompile>
    <ClCompile Include="Project\GameObject\Enemy\MoveEnemy\State\IEnemyState.cpp">
      <Filter>Project\GameObject\Enemy\MoveEnemy\State</Filter>
    </ClCompile>
    <ClCompile Include="Project\GameObject\Enemy\FixedTurret\State\IFixedTurretState.cpp">
      <Filter>Project\GameObject\Enemy\FixedTurret\State</Filter>
    </ClCompile>
    <ClCompile Include="engine\Utility\LevelData.cpp">
      <Filter>Engine\Utility</Filter>
    </ClCompile>
    <ClCompile Include="engine\Utility\GameTime.cpp">
      <Filter>Engine\Utility</Filter>
    </ClCompile>
    <ClCompile Include="Engine\Components\3D\Primitive\IPrimitive.cpp">
      <Filter>Engine\Components\3D\Primitive</Filter>
    </ClCompile>
    <ClCompile Include="Engine\Pso\Object3dPSO.cpp">
      <Filter>Engine\Pso</Filter>
    </ClCompile>
    <ClCompile Include="engine\Pso\PostEffect\OutlinePSO.cpp">
      <Filter>Engine\Pso\PostEffect</Filter>
    </ClCompile>
    <ClCompile Include="Engine\Pso\ParticlePSO.cpp">
      <Filter>Engine\Pso</Filter>
    </ClCompile>
    <ClCompile Include="engine\Pso\PostEffect\PostEffectPSO.cpp">
      <Filter>Engine\Pso\PostEffect</Filter>
    </ClCompile>
    <ClCompile Include="Project\GameObject\Player\Player.cpp">
      <Filter>Project\GameObject\Player</Filter>
    </ClCompile>
    <ClCompile Include="Project\GameObject\Player\PlayerBullet.cpp">
      <Filter>Project\GameObject\Player</Filter>
    </ClCompile>
    <ClCompile Include="Project\GameObject\Camera\FollowCamera\FollowCamera.cpp">
      <Filter>Project\Components\Camera\FollowCamera</Filter>
    </ClCompile>
    <ClCompile Include="Project\GameObject\Camera\RailCamera\RailCamera.cpp">
      <Filter>Project\Components\Camera\RailCamera</Filter>
    </ClCompile>
    <ClCompile Include="engine\PostProcess\RadialBlur.cpp">
      <Filter>Engine\PostProcess</Filter>
    </ClCompile>
    <ClCompile Include="Engine\PostProcess\Outline.cpp">
      <Filter>Engine\PostProcess</Filter>
    </ClCompile>
    <ClCompile Include="Project\Components\SceneTransition\SceneTransition.cpp">
      <Filter>Project\Components\SceneTransition</Filter>
    </ClCompile>
    <ClCompile Include="Engine\Utility\TimedCall.cpp">
      <Filter>Engine\Utility</Filter>
    </ClCompile>
    <ClCompile Include="engine\Pso\PostEffect\SmoothingPSO.cpp">
      <Filter>Engine\Pso\PostEffect</Filter>
    </ClCompile>
    <ClCompile Include="engine\Pso\PostEffect\RadialBlurPSO.cpp">
      <Filter>Engine\Pso\PostEffect</Filter>
    </ClCompile>
    <ClCompile Include="Engine\Pso\SkyboxPSO.cpp">
      <Filter>Engine\Pso</Filter>
    </ClCompile>
    <ClCompile Include="Engine\Pso\SkinningPSO.cpp">
      <Filter>Engine\Pso</Filter>
    </ClCompile>
    <ClCompile Include="Engine\Math\Vector2.cpp">
      <Filter>Engine\Math</Filter>
    </ClCompile>
    <ClCompile Include="Project\GameObject\Enemy\IEnemy.cpp">
      <Filter>Project\GameObject\Enemy</Filter>
    </ClCompile>
    <ClCompile Include="main.cpp" />
    <ClCompile Include="Project\Scene\IScene.cpp" />
    <ClCompile Include="Project\GameObject\Skydome\Skydome.cpp" />
    <ClCompile Include="Engine\Utility\Utility.cpp" />
    <ClCompile Include="Project\Components\LevelManager\LevelManager.cpp" />
    <ClCompile Include="Project\GameObject\Enemy\FixedTurret\State\FixedTurretLeaveState.cpp" />
    <ClCompile Include="Project\GameSystem.cpp" />
    <ClCompile Include="Engine\Components\3D\IObject3D.cpp" />
    <ClCompile Include="Project\GameObject\Player\MultiLockOnSystem.cpp" />
    <ClCompile Include="Engine\PostProcess\Vigneting.cpp" />
    <ClCompile Include="Engine\Pso\PostEffect\VignetingPSO.cpp" />
    <ClCompile Include="Engine\Utility\Shake.cpp" />
    <ClCompile Include="Project\GameObject\Player\HitSystem.cpp" />
    <ClCompile Include="Project\GameObject\Player\JustEvasionSystem.cpp" />
    <ClCompile Include="Project\GameObject\Player\EvasionSystem.cpp" />
    <ClCompile Include="Project\Event\StartEvent.cpp" />
    <ClCompile Include="Project\Event\TitleEvent.cpp" />
    <ClCompile Include="Project\Event\ClearEvent.cpp" />
    <ClCompile Include="Project\Event\DeadEvent.cpp" />
  </ItemGroup>
  <ItemGroup>
    <ClInclude Include="externals\ImGui\imconfig.h">
      <Filter>External\imgui</Filter>
    </ClInclude>
    <ClInclude Include="externals\ImGui\imgui.h">
      <Filter>External\imgui</Filter>
    </ClInclude>
    <ClInclude Include="externals\ImGui\imgui_impl_dx12.h">
      <Filter>External\imgui</Filter>
    </ClInclude>
    <ClInclude Include="externals\ImGui\imgui_impl_win32.h">
      <Filter>External\imgui</Filter>
    </ClInclude>
    <ClInclude Include="externals\ImGui\imgui_internal.h">
      <Filter>External\imgui</Filter>
    </ClInclude>
    <ClInclude Include="externals\ImGui\imstb_rectpack.h">
      <Filter>External\imgui</Filter>
    </ClInclude>
    <ClInclude Include="externals\ImGui\imstb_textedit.h">
      <Filter>External\imgui</Filter>
    </ClInclude>
    <ClInclude Include="externals\ImGui\imstb_truetype.h">
      <Filter>External\imgui</Filter>
    </ClInclude>
    <ClInclude Include="engine\Base\WinApp.h">
      <Filter>Engine\Base</Filter>
    </ClInclude>
    <ClInclude Include="engine\Base\DirectXCommon.h">
      <Filter>Engine\Base</Filter>
    </ClInclude>
    <ClInclude Include="Engine\Components\2D\Primitive\Sprite.h">
      <Filter>Engine\Components\2D\Primitive</Filter>
    </ClInclude>
    <ClInclude Include="Engine\Components\3D\Primitive\Triangle.h">
      <Filter>Engine\Components\3D\Primitive</Filter>
    </ClInclude>
    <ClInclude Include="Engine\Components\3D\Primitive\Cube.h">
      <Filter>Engine\Components\3D\Primitive</Filter>
    </ClInclude>
    <ClInclude Include="Engine\Components\3D\Primitive\IPrimitive.h">
      <Filter>Engine\Components\3D\Primitive</Filter>
    </ClInclude>
    <ClInclude Include="Engine\Components\3D\Primitive\Line.h">
      <Filter>Engine\Components\3D\Primitive</Filter>
    </ClInclude>
    <ClInclude Include="Engine\Components\3D\Primitive\Plane.h">
      <Filter>Engine\Components\3D\Primitive</Filter>
    </ClInclude>
    <ClInclude Include="Engine\Components\3D\Primitive\Sphere.h">
      <Filter>Engine\Components\3D\Primitive</Filter>
    </ClInclude>
    <ClInclude Include="Engine\Components\3D\Object3D.h">
      <Filter>Engine\Components\3D</Filter>
    </ClInclude>
    <ClInclude Include="engine\Components\WorldTransform.h">
      <Filter>Engine\Components</Filter>
    </ClInclude>
    <ClInclude Include="Engine\Components\Animation\Animation.h">
      <Filter>Engine\Components\Animation</Filter>
    </ClInclude>
    <ClInclude Include="Engine\Components\Audio\Audio.h">
      <Filter>Engine\Components\Audio</Filter>
    </ClInclude>
    <ClInclude Include="engine\Components\Camera\ViewProjection.h">
      <Filter>Engine\Components\Camera</Filter>
    </ClInclude>
    <ClInclude Include="engine\Components\Camera\Camera.h">
      <Filter>Engine\Components\Camera</Filter>
    </ClInclude>
    <ClInclude Include="engine\Components\Input\Input.h">
      <Filter>Engine\Components\Input</Filter>
    </ClInclude>
    <ClInclude Include="engine\Components\Light\SpotLight.h">
      <Filter>Engine\Components\Light</Filter>
    </ClInclude>
    <ClInclude Include="engine\Components\Light\DirectionalLight.h">
      <Filter>Engine\Components\Light</Filter>
    </ClInclude>
    <ClInclude Include="engine\Components\Light\PointLight.h">
      <Filter>Engine\Components\Light</Filter>
    </ClInclude>
    <ClInclude Include="Engine\Components\Model\ModelStructs.h">
      <Filter>Engine\Components\Model</Filter>
    </ClInclude>
    <ClInclude Include="Engine\Components\Model\Model.h">
      <Filter>Engine\Components\Model</Filter>
    </ClInclude>
    <ClInclude Include="Engine\Components\Model\ModelManager.h">
      <Filter>Engine\Components\Model</Filter>
    </ClInclude>
    <ClInclude Include="Engine\Components\Particle\Particles.h">
      <Filter>Engine\Components\Particle</Filter>
    </ClInclude>
    <ClInclude Include="engine\Manager\TextureManager.h">
      <Filter>Engine\Manager</Filter>
    </ClInclude>
    <ClInclude Include="engine\Manager\Framework.h">
      <Filter>Engine\Manager</Filter>
    </ClInclude>
    <ClInclude Include="engine\Manager\ImGuiManager.h">
      <Filter>Engine\Manager</Filter>
    </ClInclude>
    <ClInclude Include="Engine\Base\SrvManager.h">
      <Filter>Engine\Manager</Filter>
    </ClInclude>
    <ClInclude Include="engine\math\Vector4.h">
      <Filter>Engine\Math</Filter>
    </ClInclude>
    <ClInclude Include="engine\math\Lerp.h">
      <Filter>Engine\Math</Filter>
    </ClInclude>
    <ClInclude Include="engine\math\MathStructs.h">
      <Filter>Engine\Math</Filter>
    </ClInclude>
    <ClInclude Include="engine\math\Matrix3x3.h">
      <Filter>Engine\Math</Filter>
    </ClInclude>
    <ClInclude Include="engine\math\Matrix4x4.h">
      <Filter>Engine\Math</Filter>
    </ClInclude>
    <ClInclude Include="Engine\math\Quaternion.h">
      <Filter>Engine\Math</Filter>
    </ClInclude>
    <ClInclude Include="engine\math\Vector2.h">
      <Filter>Engine\Math</Filter>
    </ClInclude>
    <ClInclude Include="engine\math\Vector3.h">
      <Filter>Engine\Math</Filter>
    </ClInclude>
    <ClInclude Include="engine\PostProcess\RadialBlur.h">
      <Filter>Engine\PostProcess</Filter>
    </ClInclude>
    <ClInclude Include="engine\PostProcess\Bloom.h">
      <Filter>Engine\PostProcess</Filter>
    </ClInclude>
    <ClInclude Include="Engine\PostProcess\Dissolve.h">
      <Filter>Engine\PostProcess</Filter>
    </ClInclude>
    <ClInclude Include="Engine\PostProcess\Gauss.h">
      <Filter>Engine\PostProcess</Filter>
    </ClInclude>
    <ClInclude Include="engine\PostProcess\IPostEffect.h">
      <Filter>Engine\PostProcess</Filter>
    </ClInclude>
    <ClInclude Include="Engine\PostProcess\Outline.h">
      <Filter>Engine\PostProcess</Filter>
    </ClInclude>
    <ClInclude Include="engine\PostProcess\PostEffect.h">
      <Filter>Engine\PostProcess</Filter>
    </ClInclude>
    <ClInclude Include="engine\PostProcess\PostEffectManager.h">
      <Filter>Engine\PostProcess</Filter>
    </ClInclude>
    <ClInclude Include="engine\Pso\PostEffect\SmoothingPSO.h">
      <Filter>Engine\Pso\PostEffect</Filter>
    </ClInclude>
    <ClInclude Include="engine\Pso\PostEffect\BloomPSO.h">
      <Filter>Engine\Pso\PostEffect</Filter>
    </ClInclude>
    <ClInclude Include="engine\Pso\PostEffect\DissolvePSO.h">
      <Filter>Engine\Pso\PostEffect</Filter>
    </ClInclude>
    <ClInclude Include="engine\Pso\PostEffect\GaussPSO.h">
      <Filter>Engine\Pso\PostEffect</Filter>
    </ClInclude>
    <ClInclude Include="engine\Pso\PostEffect\OutlinePSO.h">
      <Filter>Engine\Pso\PostEffect</Filter>
    </ClInclude>
    <ClInclude Include="engine\Pso\PostEffect\PostEffectPSO.h">
      <Filter>Engine\Pso\PostEffect</Filter>
    </ClInclude>
    <ClInclude Include="engine\Pso\PostEffect\RadialBlurPSO.h">
      <Filter>Engine\Pso\PostEffect</Filter>
    </ClInclude>
    <ClInclude Include="Engine\Pso\SkyboxPSO.h">
      <Filter>Engine\Pso</Filter>
    </ClInclude>
    <ClInclude Include="Engine\Pso\IPSO.h">
      <Filter>Engine\Pso</Filter>
    </ClInclude>
    <ClInclude Include="engine\pso\LinePSO.h">
      <Filter>Engine\Pso</Filter>
    </ClInclude>
    <ClInclude Include="Engine\Pso\Object3dPSO.h">
      <Filter>Engine\Pso</Filter>
    </ClInclude>
    <ClInclude Include="Engine\Pso\ParticlePSO.h">
      <Filter>Engine\Pso</Filter>
    </ClInclude>
    <ClInclude Include="Engine\Pso\PipelineManager.h">
      <Filter>Engine\Pso</Filter>
    </ClInclude>
    <ClInclude Include="Engine\Pso\SkinningPSO.h">
      <Filter>Engine\Pso</Filter>
    </ClInclude>
    <ClInclude Include="Engine\Utility\TimedCall.h">
      <Filter>Engine\Utility</Filter>
    </ClInclude>
    <ClInclude Include="engine\Utility\ConvertString.h">
      <Filter>Engine\Utility</Filter>
    </ClInclude>
    <ClInclude Include="engine\Utility\GameTime.h">
      <Filter>Engine\Utility</Filter>
    </ClInclude>
    <ClInclude Include="engine\Utility\GlobalVariables.h">
      <Filter>Engine\Utility</Filter>
    </ClInclude>
    <ClInclude Include="engine\Utility\LevelData.h">
      <Filter>Engine\Utility</Filter>
    </ClInclude>
    <ClInclude Include="Project\Collision\CollisionManager.h">
      <Filter>Project\Collision</Filter>
    </ClInclude>
    <ClInclude Include="Project\Collision\Collider.h">
      <Filter>Project\Collision</Filter>
    </ClInclude>
    <ClInclude Include="Project\Collision\CollisionConfig.h">
      <Filter>Project\Collision</Filter>
    </ClInclude>
    <ClInclude Include="Project\GameObject\Enemy\BeamEnemy\State\IBeamEnemyState.h">
      <Filter>Project\GameObject\Enemy\BeamEnemy\State</Filter>
    </ClInclude>
    <ClInclude Include="Project\GameObject\Enemy\BeamEnemy\State\BeamEnemyStateVertical.h">
      <Filter>Project\GameObject\Enemy\BeamEnemy\State</Filter>
    </ClInclude>
    <ClInclude Include="Project\GameObject\Enemy\BeamEnemy\State\BeamEnemyStateWait.h">
      <Filter>Project\GameObject\Enemy\BeamEnemy\State</Filter>
    </ClInclude>
    <ClInclude Include="Project\GameObject\Enemy\BeamEnemy\BeamEnemy.h">
      <Filter>Project\GameObject\Enemy\BeamEnemy</Filter>
    </ClInclude>
    <ClInclude Include="Project\GameObject\Enemy\Bullet\EnemyBullet.h">
      <Filter>Project\GameObject\Enemy\Bullet</Filter>
    </ClInclude>
    <ClInclude Include="Project\GameObject\Enemy\FixedTurret\State\IFixedTurretState.h">
      <Filter>Project\GameObject\Enemy\FixedTurret\State</Filter>
    </ClInclude>
    <ClInclude Include="Project\GameObject\Enemy\FixedTurret\State\FixedTurretAttackState.h">
      <Filter>Project\GameObject\Enemy\FixedTurret\State</Filter>
    </ClInclude>
    <ClInclude Include="Project\GameObject\Enemy\FixedTurret\State\FixedTurretWaitState.h">
      <Filter>Project\GameObject\Enemy\FixedTurret\State</Filter>
    </ClInclude>
    <ClInclude Include="Project\GameObject\Enemy\FixedTurret\FixedTurret.h">
      <Filter>Project\GameObject\Enemy\FixedTurret</Filter>
    </ClInclude>
    <ClInclude Include="Project\GameObject\Enemy\MoveEnemy\State\IEnemyState.h">
      <Filter>Project\GameObject\Enemy\MoveEnemy\State</Filter>
    </ClInclude>
    <ClInclude Include="Project\GameObject\Enemy\MoveEnemy\State\EnemyStateApproach.h">
      <Filter>Project\GameObject\Enemy\MoveEnemy\State</Filter>
    </ClInclude>
    <ClInclude Include="Project\GameObject\Enemy\MoveEnemy\State\EnemyStateLeave.h">
      <Filter>Project\GameObject\Enemy\MoveEnemy\State</Filter>
    </ClInclude>
    <ClInclude Include="Project\GameObject\Enemy\MoveEnemy\State\EnemyStateWait.h">
      <Filter>Project\GameObject\Enemy\MoveEnemy\State</Filter>
    </ClInclude>
    <ClInclude Include="Project\GameObject\Enemy\MoveEnemy\Enemy.h">
      <Filter>Project\GameObject\Enemy\MoveEnemy</Filter>
    </ClInclude>
    <ClInclude Include="Project\GameObject\Enemy\IEnemy.h">
      <Filter>Project\GameObject\Enemy</Filter>
    </ClInclude>
    <ClInclude Include="Project\GameObject\Enemy\EnemyManager.h">
      <Filter>Project\GameObject\Enemy</Filter>
    </ClInclude>
    <ClInclude Include="Project\GameObject\Score\Score.h">
      <Filter>Project\GameObject\Score</Filter>
    </ClInclude>
    <ClInclude Include="Project\GameObject\Player\PlayerBullet.h">
      <Filter>Project\GameObject\Player</Filter>
    </ClInclude>
    <ClInclude Include="Project\GameObject\Player\Player.h">
      <Filter>Project\GameObject\Player</Filter>
    </ClInclude>
    <ClInclude Include="project\scene\TitleScene.h">
      <Filter>Project\Scene</Filter>
    </ClInclude>
    <ClInclude Include="project\scene\GameClear.h">
      <Filter>Project\Scene</Filter>
    </ClInclude>
    <ClInclude Include="project\scene\GameManager.h">
      <Filter>Project\Scene</Filter>
    </ClInclude>
    <ClInclude Include="project\scene\GameOver.h">
      <Filter>Project\Scene</Filter>
    </ClInclude>
    <ClInclude Include="project\scene\GameScene.h">
      <Filter>Project\Scene</Filter>
    </ClInclude>
    <ClInclude Include="project\scene\IScene.h">
      <Filter>Project\Scene</Filter>
    </ClInclude>
    <ClInclude Include="Project\GameObject\Camera\FollowCamera\FollowCamera.h">
      <Filter>Project\Components\Camera\FollowCamera</Filter>
    </ClInclude>
    <ClInclude Include="Project\GameObject\Camera\RailCamera\RailCamera.h">
      <Filter>Project\Components\Camera\RailCamera</Filter>
    </ClInclude>
    <ClInclude Include="Project\Components\SceneTransition\SceneTransition.h">
      <Filter>Project\Components\SceneTransition</Filter>
    </ClInclude>
    <ClInclude Include="Project\GameObject\Skydome\Skydome.h" />
    <ClInclude Include="Engine\Utility\Utility.h" />
    <ClInclude Include="Project\GameObject\Player\PlayerConfig.h" />
    <ClInclude Include="Project\Components\LevelManager\LevelManager.h" />
    <ClInclude Include="Project\GameObject\Enemy\FixedTurret\State\FixedTurretLeaveState.h" />
    <ClInclude Include="Project\GameSystem.h" />
    <ClInclude Include="Engine\Components\3D\IObject3D.h" />
    <ClInclude Include="Project\GameObject\Player\MultiLockOnSystem.h" />
    <ClInclude Include="Engine\PostProcess\Vigneting.h" />
    <ClInclude Include="Engine\Pso\PostEffect\VignetingPSO.h" />
    <ClInclude Include="Engine\Utility\Shake.h" />
    <ClInclude Include="Project\GameObject\Player\HitSystem.h" />
    <ClInclude Include="Project\GameObject\Player\JustEvasionSystem.h" />
    <ClInclude Include="Project\GameObject\Player\EvasionSystem.h" />
    <ClInclude Include="Project\Event\StartEvent.h" />
    <ClInclude Include="Project\Event\TitleEvent.h" />
    <ClInclude Include="Project\Event\ClearEvent.h" />
    <ClInclude Include="Project\Event\DeadEvent.h" />
  </ItemGroup>
  <ItemGroup>
    <Text Include="externals\ImGui\LICENSE.txt">
      <Filter>External\imgui</Filter>
    </Text>
  </ItemGroup>
  <ItemGroup>
    <None Include="Engine\resources\sharder\Skybox.hlsli">
      <Filter>Resources\Sharder</Filter>
    </None>
    <None Include="engine\resources\sharder\Line.hlsli">
      <Filter>Resources\Sharder</Filter>
    </None>
    <None Include="engine\resources\sharder\Object3d.hlsli">
      <Filter>Resources\Sharder</Filter>
    </None>
    <None Include="engine\resources\sharder\Particle.hlsli">
      <Filter>Resources\Sharder</Filter>
    </None>
    <None Include="Engine\resources\sharder\PostEffectTest.hlsli">
      <Filter>Resources\Sharder</Filter>
    </None>
  </ItemGroup>
  <ItemGroup>
    <FxCompile Include="engine\resources\sharder\Smoothing.PS.hlsl">
      <Filter>Resources\Sharder</Filter>
    </FxCompile>
    <FxCompile Include="Engine\resources\sharder\DepthBasedOutline.PS.hlsl">
      <Filter>Resources\Sharder</Filter>
    </FxCompile>
    <FxCompile Include="engine\resources\sharder\Dissolve.PS.hlsl">
      <Filter>Resources\Sharder</Filter>
    </FxCompile>
    <FxCompile Include="engine\resources\sharder\GaussianFilter.PS.hlsl">
      <Filter>Resources\Sharder</Filter>
    </FxCompile>
    <FxCompile Include="Engine\resources\sharder\LuminanceBasedOutline.PS.hlsl">
      <Filter>Resources\Sharder</Filter>
    </FxCompile>
    <FxCompile Include="engine\resources\sharder\Outline.PS.hlsl">
      <Filter>Resources\Sharder</Filter>
    </FxCompile>
    <FxCompile Include="engine\resources\sharder\RadialBlur.PS.hlsl">
      <Filter>Resources\Sharder</Filter>
    </FxCompile>
    <FxCompile Include="Engine\resources\sharder\Skybox.PS.hlsl">
      <Filter>Resources\Sharder</Filter>
    </FxCompile>
    <FxCompile Include="Engine\resources\sharder\Skybox.VS.hlsl">
      <Filter>Resources\Sharder</Filter>
    </FxCompile>
    <FxCompile Include="Engine\resources\sharder\SkinningObject3d.VS.hlsl">
      <Filter>Resources\Sharder</Filter>
    </FxCompile>
    <FxCompile Include="Engine\resources\sharder\BloomPS.hlsl">
      <Filter>Resources\Sharder</Filter>
    </FxCompile>
    <FxCompile Include="Engine\resources\sharder\BlurPS.hlsl">
      <Filter>Resources\Sharder</Filter>
    </FxCompile>
    <FxCompile Include="Engine\resources\sharder\HighIntensityPS.hlsl">
      <Filter>Resources\Sharder</Filter>
    </FxCompile>
    <FxCompile Include="engine\resources\sharder\LinePS.hlsl">
      <Filter>Resources\Sharder</Filter>
    </FxCompile>
    <FxCompile Include="engine\resources\sharder\LineVS.hlsl">
      <Filter>Resources\Sharder</Filter>
    </FxCompile>
    <FxCompile Include="engine\resources\sharder\Object3d.PS.hlsl">
      <Filter>Resources\Sharder</Filter>
    </FxCompile>
    <FxCompile Include="engine\resources\sharder\Object3d.VS.hlsl">
      <Filter>Resources\Sharder</Filter>
    </FxCompile>
    <FxCompile Include="engine\resources\sharder\Particle.PS.hlsl">
      <Filter>Resources\Sharder</Filter>
    </FxCompile>
    <FxCompile Include="engine\resources\sharder\Particle.VS.hlsl">
      <Filter>Resources\Sharder</Filter>
    </FxCompile>
    <FxCompile Include="Engine\resources\sharder\PostEffectTestPS.hlsl">
      <Filter>Resources\Sharder</Filter>
    </FxCompile>
    <FxCompile Include="Engine\resources\sharder\PostEffectTestVS.hlsl">
      <Filter>Resources\Sharder</Filter>
    </FxCompile>
    <FxCompile Include="Engine\resources\sharder\VignetingPS.hlsl" />
  </ItemGroup>
</Project>